
Microsoft Visual Studio Solution File, Format Version 12.00
# Visual Studio Version 16
VisualStudioVersion = 16.0.31424.327
MinimumVisualStudioVersion = 10.0.40219.1
Project("{FAE04EC0-301F-11D3-BF4B-00C04F79EFBC}") = "md05_CadernoExercicios_01", "md05_CadernoExercicios_01.csproj", "{5594AC6B-D2A9-4DE4-A5A6-CA3C4BCBA84F}"
EndProject
Global
	GlobalSection(SolutionConfigurationPlatforms) = preSolution
		Debug|Any CPU = Debug|Any CPU
		Release|Any CPU = Release|Any CPU
	EndGlobalSection
	GlobalSection(ProjectConfigurationPlatforms) = postSolution
		{5594AC6B-D2A9-4DE4-A5A6-CA3C4BCBA84F}.Debug|Any CPU.ActiveCfg = Debug|Any CPU
		{5594AC6B-D2A9-4DE4-A5A6-CA3C4BCBA84F}.Debug|Any CPU.Build.0 = Debug|Any CPU
		{5594AC6B-D2A9-4DE4-A5A6-CA3C4BCBA84F}.Release|Any CPU.ActiveCfg = Release|Any CPU
		{5594AC6B-D2A9-4DE4-A5A6-CA3C4BCBA84F}.Release|Any CPU.Build.0 = Release|Any CPU
	EndGlobalSection
	GlobalSection(SolutionProperties) = preSolution
		HideSolutionNode = FALSE
	EndGlobalSection
	GlobalSection(ExtensibilityGlobals) = postSolution
		SolutionGuid = {3B776144-B08E-4697-ABFC-ACE14A892EDA}
	EndGlobalSection
EndGlobal
